
Microsoft Visual Studio Solution File, Format Version 12.00
# Visual Studio Version 16
VisualStudioVersion = 16.0.30804.86
MinimumVisualStudioVersion = 10.0.40219.1
Project("{FAE04EC0-301F-11D3-BF4B-00C04F79EFBC}") = "Pattern_Builder_DZ2", "Pattern_Builder_DZ2.csproj", "{C512EAD9-68D4-48AB-8449-80DC9699003B}"
EndProject
Global
	GlobalSection(SolutionConfigurationPlatforms) = preSolution
		Debug|Any CPU = Debug|Any CPU
		Release|Any CPU = Release|Any CPU
	EndGlobalSection
	GlobalSection(ProjectConfigurationPlatforms) = postSolution
		{C512EAD9-68D4-48AB-8449-80DC9699003B}.Debug|Any CPU.ActiveCfg = Debug|Any CPU
		{C512EAD9-68D4-48AB-8449-80DC9699003B}.Debug|Any CPU.Build.0 = Debug|Any CPU
		{C512EAD9-68D4-48AB-8449-80DC9699003B}.Release|Any CPU.ActiveCfg = Release|Any CPU
		{C512EAD9-68D4-48AB-8449-80DC9699003B}.Release|Any CPU.Build.0 = Release|Any CPU
	EndGlobalSection
	GlobalSection(SolutionProperties) = preSolution
		HideSolutionNode = FALSE
	EndGlobalSection
	GlobalSection(ExtensibilityGlobals) = postSolution
		SolutionGuid = {258F58DE-0373-4CA8-AE50-3D12EAAFEF27}
	EndGlobalSection
EndGlobal
